
Microsoft Visual Studio Solution File, Format Version 12.00
# Visual Studio Version 17
VisualStudioVersion = 17.5.33502.453
MinimumVisualStudioVersion = 10.0.40219.1
Project("{8BC9CEB8-8B4A-11D0-8D11-00A0C91BC942}") = "ioFile", "ioFile\ioFile.vcxproj", "{757F7769-D46A-4ECE-9868-34A7F6F2620D}"
EndProject
Project("{8BC9CEB8-8B4A-11D0-8D11-00A0C91BC942}") = "ioFileWithPath", "ioFileWithPath\ioFileWithPath.vcxproj", "{C3FAEBD1-18FD-493F-A1E7-9F6EDEB2584D}"
EndProject
Project("{8BC9CEB8-8B4A-11D0-8D11-00A0C91BC942}") = "manualexception", "manualexception\manualexception.vcxproj", "{4F0B44BC-DB06-4530-BA03-63D9C876FB41}"
EndProject
Global
	GlobalSection(SolutionConfigurationPlatforms) = preSolution
		Debug|x64 = Debug|x64
		Debug|x86 = Debug|x86
		Release|x64 = Release|x64
		Release|x86 = Release|x86
	EndGlobalSection
	GlobalSection(ProjectConfigurationPlatforms) = postSolution
		{757F7769-D46A-4ECE-9868-34A7F6F2620D}.Debug|x64.ActiveCfg = Debug|x64
		{757F7769-D46A-4ECE-9868-34A7F6F2620D}.Debug|x64.Build.0 = Debug|x64
		{757F7769-D46A-4ECE-9868-34A7F6F2620D}.Debug|x86.ActiveCfg = Debug|Win32
		{757F7769-D46A-4ECE-9868-34A7F6F2620D}.Debug|x86.Build.0 = Debug|Win32
		{757F7769-D46A-4ECE-9868-34A7F6F2620D}.Release|x64.ActiveCfg = Release|x64
		{757F7769-D46A-4ECE-9868-34A7F6F2620D}.Release|x64.Build.0 = Release|x64
		{757F7769-D46A-4ECE-9868-34A7F6F2620D}.Release|x86.ActiveCfg = Release|Win32
		{757F7769-D46A-4ECE-9868-34A7F6F2620D}.Release|x86.Build.0 = Release|Win32
		{C3FAEBD1-18FD-493F-A1E7-9F6EDEB2584D}.Debug|x64.ActiveCfg = Debug|x64
		{C3FAEBD1-18FD-493F-A1E7-9F6EDEB2584D}.Debug|x64.Build.0 = Debug|x64
		{C3FAEBD1-18FD-493F-A1E7-9F6EDEB2584D}.Debug|x86.ActiveCfg = Debug|Win32
		{C3FAEBD1-18FD-493F-A1E7-9F6EDEB2584D}.Debug|x86.Build.0 = Debug|Win32
		{C3FAEBD1-18FD-493F-A1E7-9F6EDEB2584D}.Release|x64.ActiveCfg = Release|x64
		{C3FAEBD1-18FD-493F-A1E7-9F6EDEB2584D}.Release|x64.Build.0 = Release|x64
		{C3FAEBD1-18FD-493F-A1E7-9F6EDEB2584D}.Release|x86.ActiveCfg = Release|Win32
		{C3FAEBD1-18FD-493F-A1E7-9F6EDEB2584D}.Release|x86.Build.0 = Release|Win32
		{4F0B44BC-DB06-4530-BA03-63D9C876FB41}.Debug|x64.ActiveCfg = Debug|x64
		{4F0B44BC-DB06-4530-BA03-63D9C876FB41}.Debug|x64.Build.0 = Debug|x64
		{4F0B44BC-DB06-4530-BA03-63D9C876FB41}.Debug|x86.ActiveCfg = Debug|Win32
		{4F0B44BC-DB06-4530-BA03-63D9C876FB41}.Debug|x86.Build.0 = Debug|Win32
		{4F0B44BC-DB06-4530-BA03-63D9C876FB41}.Release|x64.ActiveCfg = Release|x64
		{4F0B44BC-DB06-4530-BA03-63D9C876FB41}.Release|x64.Build.0 = Release|x64
		{4F0B44BC-DB06-4530-BA03-63D9C876FB41}.Release|x86.ActiveCfg = Release|Win32
		{4F0B44BC-DB06-4530-BA03-63D9C876FB41}.Release|x86.Build.0 = Release|Win32
	EndGlobalSection
	GlobalSection(SolutionProperties) = preSolution
		HideSolutionNode = FALSE
	EndGlobalSection
	GlobalSection(ExtensibilityGlobals) = postSolution
		SolutionGuid = {AA47FD04-D1FA-4014-8C1A-B2919D7F54E8}
	EndGlobalSection
EndGlobal
